
Microsoft Visual Studio Solution File, Format Version 12.00
# Visual Studio Version 18
VisualStudioVersion = 18.3.11505.172
MinimumVisualStudioVersion = 10.0.40219.1
Project("{FAE04EC0-301F-11D3-BF4B-00C04F79EFBC}") = "ClinicOne", "ClinicOne.csproj", "{CDA9A70B-B4CB-1166-1939-A9CBE32C14AE}"
EndProject
Global
	GlobalSection(SolutionConfigurationPlatforms) = preSolution
		Debug|Any CPU = Debug|Any CPU
		Release|Any CPU = Release|Any CPU
	EndGlobalSection
	GlobalSection(ProjectConfigurationPlatforms) = postSolution
		{CDA9A70B-B4CB-1166-1939-A9CBE32C14AE}.Debug|Any CPU.ActiveCfg = Debug|Any CPU
		{CDA9A70B-B4CB-1166-1939-A9CBE32C14AE}.Debug|Any CPU.Build.0 = Debug|Any CPU
		{CDA9A70B-B4CB-1166-1939-A9CBE32C14AE}.Release|Any CPU.ActiveCfg = Release|Any CPU
		{CDA9A70B-B4CB-1166-1939-A9CBE32C14AE}.Release|Any CPU.Build.0 = Release|Any CPU
	EndGlobalSection
	GlobalSection(SolutionProperties) = preSolution
		HideSolutionNode = FALSE
	EndGlobalSection
	GlobalSection(ExtensibilityGlobals) = postSolution
		SolutionGuid = {133BE195-7690-4237-93EF-AB93FC141639}
	EndGlobalSection
EndGlobal
